
Microsoft Visual Studio Solution File, Format Version 12.00
# Visual Studio Version 17
VisualStudioVersion = 17.14.36915.13
MinimumVisualStudioVersion = 10.0.40219.1
Project("{FAE04EC0-301F-11D3-BF4B-00C04F79EFBC}") = "TechSto.WPF", "TechSto.WPF\TechSto.WPF.csproj", "{58734EAA-12E4-4D55-A413-DEAF409C3B50}"
EndProject
Project("{FAE04EC0-301F-11D3-BF4B-00C04F79EFBC}") = "TechSto.Core", "TechSto.Core\TechSto.Core.csproj", "{07E5FCF3-7A4C-4E01-A08F-8A87A0CDF162}"
EndProject
Project("{FAE04EC0-301F-11D3-BF4B-00C04F79EFBC}") = "TechSto.ApplicationLayer", "TechSto.Application\TechSto.ApplicationLayer.csproj", "{33BB3D56-1CF9-4407-A4B6-3E7C84CC34B9}"
EndProject
Project("{FAE04EC0-301F-11D3-BF4B-00C04F79EFBC}") = "TechSto.Infrastructure", "TechSto.Infrastructure\TechSto.Infrastructure.csproj", "{9ABF55B2-314E-4EB5-AF0B-ACEBCF6063BE}"
EndProject
Global
	GlobalSection(SolutionConfigurationPlatforms) = preSolution
		Debug|Any CPU = Debug|Any CPU
		Release|Any CPU = Release|Any CPU
	EndGlobalSection
	GlobalSection(ProjectConfigurationPlatforms) = postSolution
		{58734EAA-12E4-4D55-A413-DEAF409C3B50}.Debug|Any CPU.ActiveCfg = Debug|Any CPU
		{58734EAA-12E4-4D55-A413-DEAF409C3B50}.Debug|Any CPU.Build.0 = Debug|Any CPU
		{58734EAA-12E4-4D55-A413-DEAF409C3B50}.Release|Any CPU.ActiveCfg = Release|Any CPU
		{58734EAA-12E4-4D55-A413-DEAF409C3B50}.Release|Any CPU.Build.0 = Release|Any CPU
		{07E5FCF3-7A4C-4E01-A08F-8A87A0CDF162}.Debug|Any CPU.ActiveCfg = Debug|Any CPU
		{07E5FCF3-7A4C-4E01-A08F-8A87A0CDF162}.Debug|Any CPU.Build.0 = Debug|Any CPU
		{07E5FCF3-7A4C-4E01-A08F-8A87A0CDF162}.Release|Any CPU.ActiveCfg = Release|Any CPU
		{07E5FCF3-7A4C-4E01-A08F-8A87A0CDF162}.Release|Any CPU.Build.0 = Release|Any CPU
		{33BB3D56-1CF9-4407-A4B6-3E7C84CC34B9}.Debug|Any CPU.ActiveCfg = Debug|Any CPU
		{33BB3D56-1CF9-4407-A4B6-3E7C84CC34B9}.Debug|Any CPU.Build.0 = Debug|Any CPU
		{33BB3D56-1CF9-4407-A4B6-3E7C84CC34B9}.Release|Any CPU.ActiveCfg = Release|Any CPU
		{33BB3D56-1CF9-4407-A4B6-3E7C84CC34B9}.Release|Any CPU.Build.0 = Release|Any CPU
		{9ABF55B2-314E-4EB5-AF0B-ACEBCF6063BE}.Debug|Any CPU.ActiveCfg = Debug|Any CPU
		{9ABF55B2-314E-4EB5-AF0B-ACEBCF6063BE}.Debug|Any CPU.Build.0 = Debug|Any CPU
		{9ABF55B2-314E-4EB5-AF0B-ACEBCF6063BE}.Release|Any CPU.ActiveCfg = Release|Any CPU
		{9ABF55B2-314E-4EB5-AF0B-ACEBCF6063BE}.Release|Any CPU.Build.0 = Release|Any CPU
	EndGlobalSection
	GlobalSection(SolutionProperties) = preSolution
		HideSolutionNode = FALSE
	EndGlobalSection
	GlobalSection(ExtensibilityGlobals) = postSolution
		SolutionGuid = {CBA76B7C-DBFD-4216-BA54-9E147E3E30B4}
	EndGlobalSection
EndGlobal
